// !$*UTF8*$!
{
	archiveVersion = 1;
	classes = {
	};
	objectVersion = 50;
	objects = {

/* Begin PBXBuildFile section */
		152141FD225F4DCC00ACD6D3 /* WalletAccountCell.swift in Sources */ = {isa = PBXBuildFile; fileRef = 152141FB225F4DCC00ACD6D3 /* WalletAccountCell.swift */; };
		152141FE225F4DCC00ACD6D3 /* WalletAccountCell.xib in Resources */ = {isa = PBXBuildFile; fileRef = 152141FC225F4DCC00ACD6D3 /* WalletAccountCell.xib */; };
		15214200225F4E7F00ACD6D3 /* more_vertical.png in Resources */ = {isa = PBXBuildFile; fileRef = 152141FF225F4E7E00ACD6D3 /* more_vertical.png */; };
		15214202225F51A800ACD6D3 /* WalletAccountObj.swift in Sources */ = {isa = PBXBuildFile; fileRef = 15214201225F51A800ACD6D3 /* WalletAccountObj.swift */; };
		153A25A4225D959A00BEBD39 /* OverviewViewController.swift in Sources */ = {isa = PBXBuildFile; fileRef = 153A25A3225D959A00BEBD39 /* OverviewViewController.swift */; };
		153A25A6225D961400BEBD39 /* AccountViewController.swift in Sources */ = {isa = PBXBuildFile; fileRef = 153A25A5225D961400BEBD39 /* AccountViewController.swift */; };
		153A25B7225D9F9E00BEBD39 /* tabbar_overview@2x.png in Resources */ = {isa = PBXBuildFile; fileRef = 153A25B4225D9F9800BEBD39 /* tabbar_overview@2x.png */; };
		153A25B8225D9F9E00BEBD39 /* tabbar_overview.png in Resources */ = {isa = PBXBuildFile; fileRef = 153A25B5225D9F9B00BEBD39 /* tabbar_overview.png */; };
		153A25B9225D9F9E00BEBD39 /* tabbar_overview@3x.png in Resources */ = {isa = PBXBuildFile; fileRef = 153A25B6225D9F9B00BEBD39 /* tabbar_overview@3x.png */; };
		153A25BD225DA0E100BEBD39 /* tabbar_wallet@2x.png in Resources */ = {isa = PBXBuildFile; fileRef = 153A25BA225DA0DF00BEBD39 /* tabbar_wallet@2x.png */; };
		153A25BE225DA0E100BEBD39 /* tabbar_wallet.png in Resources */ = {isa = PBXBuildFile; fileRef = 153A25BB225DA0E000BEBD39 /* tabbar_wallet.png */; };
		153A25BF225DA0E100BEBD39 /* tabbar_wallet@3x.png in Resources */ = {isa = PBXBuildFile; fileRef = 153A25BC225DA0E000BEBD39 /* tabbar_wallet@3x.png */; };
		153A25C3225DA2AE00BEBD39 /* tabbar_more.png in Resources */ = {isa = PBXBuildFile; fileRef = 153A25C0225DA2AC00BEBD39 /* tabbar_more.png */; };
		153A25C4225DA2AE00BEBD39 /* tabbar_more@3x.png in Resources */ = {isa = PBXBuildFile; fileRef = 153A25C1225DA2AC00BEBD39 /* tabbar_more@3x.png */; };
		153A25C5225DA2AE00BEBD39 /* tabbar_more@2x.png in Resources */ = {isa = PBXBuildFile; fileRef = 153A25C2225DA2AD00BEBD39 /* tabbar_more@2x.png */; };
		153A25C7225DA2BA00BEBD39 /* MoreViewController.swift in Sources */ = {isa = PBXBuildFile; fileRef = 153A25C6225DA2B900BEBD39 /* MoreViewController.swift */; };
		153A25CB225DAE4600BEBD39 /* WalletInfoCell.swift in Sources */ = {isa = PBXBuildFile; fileRef = 153A25C9225DAE4600BEBD39 /* WalletInfoCell.swift */; };
		153A25CC225DAE4600BEBD39 /* WalletInfoCell.xib in Resources */ = {isa = PBXBuildFile; fileRef = 153A25CA225DAE4600BEBD39 /* WalletInfoCell.xib */; };
		153A25CE225DAEC500BEBD39 /* right-arrow.png in Resources */ = {isa = PBXBuildFile; fileRef = 153A25CD225DAEC400BEBD39 /* right-arrow.png */; };
		153A25D1225DAF5800BEBD39 /* StringsUtil.swift in Sources */ = {isa = PBXBuildFile; fileRef = 153A25D0225DAF5800BEBD39 /* StringsUtil.swift */; };
		153A25D4225DD14500BEBD39 /* ReceiptAndExpenseCell.swift in Sources */ = {isa = PBXBuildFile; fileRef = 153A25D2225DD14500BEBD39 /* ReceiptAndExpenseCell.swift */; };
		153A25D5225DD14500BEBD39 /* ReceiptAndExpenseCell.xib in Resources */ = {isa = PBXBuildFile; fileRef = 153A25D3225DD14500BEBD39 /* ReceiptAndExpenseCell.xib */; };
		153A25D8225DD6D900BEBD39 /* ActionCell.swift in Sources */ = {isa = PBXBuildFile; fileRef = 153A25D6225DD6D900BEBD39 /* ActionCell.swift */; };
		153A25D9225DD6D900BEBD39 /* ActionCell.xib in Resources */ = {isa = PBXBuildFile; fileRef = 153A25D7225DD6D900BEBD39 /* ActionCell.xib */; };
		153A25DB225DE47000BEBD39 /* CreateAccountViewController.swift in Sources */ = {isa = PBXBuildFile; fileRef = 153A25DA225DE47000BEBD39 /* CreateAccountViewController.swift */; };
		153A25DD225DE6F800BEBD39 /* add_white.png in Resources */ = {isa = PBXBuildFile; fileRef = 153A25DC225DE6F800BEBD39 /* add_white.png */; };
		153A25DF225DEFCC00BEBD39 /* tick_white.png in Resources */ = {isa = PBXBuildFile; fileRef = 153A25DE225DEFCB00BEBD39 /* tick_white.png */; };
		153A25E2225DF39000BEBD39 /* BalanceCell.swift in Sources */ = {isa = PBXBuildFile; fileRef = 153A25E0225DF39000BEBD39 /* BalanceCell.swift */; };
		153A25E3225DF39000BEBD39 /* BalanceCell.xib in Resources */ = {isa = PBXBuildFile; fileRef = 153A25E1225DF39000BEBD39 /* BalanceCell.xib */; };
		153A25E7225DF92F00BEBD39 /* AmountDetailCell.swift in Sources */ = {isa = PBXBuildFile; fileRef = 153A25E5225DF92F00BEBD39 /* AmountDetailCell.swift */; };
		153A25E8225DF92F00BEBD39 /* AmountDetailCell.xib in Resources */ = {isa = PBXBuildFile; fileRef = 153A25E6225DF92F00BEBD39 /* AmountDetailCell.xib */; };
		153A25EB225DF94200BEBD39 /* AmoutDetailDescCell.swift in Sources */ = {isa = PBXBuildFile; fileRef = 153A25E9225DF94200BEBD39 /* AmoutDetailDescCell.swift */; };
		153A25EC225DF94200BEBD39 /* AmoutDetailDescCell.xib in Resources */ = {isa = PBXBuildFile; fileRef = 153A25EA225DF94200BEBD39 /* AmoutDetailDescCell.xib */; };
		153A25EE225DFB0000BEBD39 /* arrow_gray.png in Resources */ = {isa = PBXBuildFile; fileRef = 153A25ED225DFB0000BEBD39 /* arrow_gray.png */; };
		153A25F2225E065C00BEBD39 /* ic_money.png in Resources */ = {isa = PBXBuildFile; fileRef = 153A25F0225E065B00BEBD39 /* ic_money.png */; };
		153A25F3225E065C00BEBD39 /* ic_bank.png in Resources */ = {isa = PBXBuildFile; fileRef = 153A25F1225E065B00BEBD39 /* ic_bank.png */; };
		153A25F5225E077000BEBD39 /* ic_wallet_gray.png in Resources */ = {isa = PBXBuildFile; fileRef = 153A25F4225E076F00BEBD39 /* ic_wallet_gray.png */; };
		153A25F7225E081200BEBD39 /* ic_dollar.png in Resources */ = {isa = PBXBuildFile; fileRef = 153A25F6225E081100BEBD39 /* ic_dollar.png */; };
		1574B45922608AEA00904619 /* SavingAccountViewController.swift in Sources */ = {isa = PBXBuildFile; fileRef = 1574B45822608AEA00904619 /* SavingAccountViewController.swift */; };
		1574B45B22608B6400904619 /* ActionViewController.swift in Sources */ = {isa = PBXBuildFile; fileRef = 1574B45A22608B6400904619 /* ActionViewController.swift */; };
		1574B45F22608C8900904619 /* tabbar_add.png in Resources */ = {isa = PBXBuildFile; fileRef = 1574B45C22608C8800904619 /* tabbar_add.png */; };
		1574B46022608C8900904619 /* tabbar_add@2x.png in Resources */ = {isa = PBXBuildFile; fileRef = 1574B45D22608C8900904619 /* tabbar_add@2x.png */; };
		1574B46122608C8900904619 /* tabbar_add@3x.png in Resources */ = {isa = PBXBuildFile; fileRef = 1574B45E22608C8900904619 /* tabbar_add@3x.png */; };
		1574B46522608D1E00904619 /* tabbar_saving.png in Resources */ = {isa = PBXBuildFile; fileRef = 1574B46222608D1D00904619 /* tabbar_saving.png */; };
		1574B46622608D1E00904619 /* tabbar_saving@3x.png in Resources */ = {isa = PBXBuildFile; fileRef = 1574B46322608D1E00904619 /* tabbar_saving@3x.png */; };
		1574B46722608D1E00904619 /* tabbar_saving@2x.png in Resources */ = {isa = PBXBuildFile; fileRef = 1574B46422608D1E00904619 /* tabbar_saving@2x.png */; };
		1574B46B2260970F00904619 /* tabbar_plus@3x.png in Resources */ = {isa = PBXBuildFile; fileRef = 1574B4682260970E00904619 /* tabbar_plus@3x.png */; };
		1574B46C2260970F00904619 /* tabbar_plus@2x.png in Resources */ = {isa = PBXBuildFile; fileRef = 1574B4692260970F00904619 /* tabbar_plus@2x.png */; };
		1574B46D2260970F00904619 /* tabbar_plus.png in Resources */ = {isa = PBXBuildFile; fileRef = 1574B46A2260970F00904619 /* tabbar_plus.png */; };
		15886986225C3D79000FC0E5 /* pass_show.png in Resources */ = {isa = PBXBuildFile; fileRef = 15886984225C3D78000FC0E5 /* pass_show.png */; };
		15886987225C3D79000FC0E5 /* pass_hide.png in Resources */ = {isa = PBXBuildFile; fileRef = 15886985225C3D78000FC0E5 /* pass_hide.png */; };
		15886989225C4BB7000FC0E5 /* CoreData.framework in Frameworks */ = {isa = PBXBuildFile; fileRef = 15886988225C4BB6000FC0E5 /* CoreData.framework */; };
		1588698C225C5098000FC0E5 /* AccountModel.swift in Sources */ = {isa = PBXBuildFile; fileRef = 1588698B225C5098000FC0E5 /* AccountModel.swift */; };
		15ADD21A225AFD4300A8F3CE /* AppDelegate.swift in Sources */ = {isa = PBXBuildFile; fileRef = 15ADD219225AFD4300A8F3CE /* AppDelegate.swift */; };
		15ADD21C225AFD4300A8F3CE /* ViewController.swift in Sources */ = {isa = PBXBuildFile; fileRef = 15ADD21B225AFD4300A8F3CE /* ViewController.swift */; };
		15ADD21F225AFD4300A8F3CE /* Main.storyboard in Resources */ = {isa = PBXBuildFile; fileRef = 15ADD21D225AFD4300A8F3CE /* Main.storyboard */; };
		15ADD222225AFD4300A8F3CE /* QuanLyChiTieu.xcdatamodeld in Sources */ = {isa = PBXBuildFile; fileRef = 15ADD220225AFD4300A8F3CE /* QuanLyChiTieu.xcdatamodeld */; };
		15ADD224225AFD4600A8F3CE /* Assets.xcassets in Resources */ = {isa = PBXBuildFile; fileRef = 15ADD223225AFD4600A8F3CE /* Assets.xcassets */; };
		15ADD227225AFD4600A8F3CE /* LaunchScreen.storyboard in Resources */ = {isa = PBXBuildFile; fileRef = 15ADD225225AFD4600A8F3CE /* LaunchScreen.storyboard */; };
		15ADD22F225AFFA700A8F3CE /* SignInViewController.swift in Sources */ = {isa = PBXBuildFile; fileRef = 15ADD22E225AFFA700A8F3CE /* SignInViewController.swift */; };
		15ADD23D225B090C00A8F3CE /* Localizable.strings in Resources */ = {isa = PBXBuildFile; fileRef = 15ADD23F225B090C00A8F3CE /* Localizable.strings */; };
		15ADD246225B2BAC00A8F3CE /* ic_lock.png in Resources */ = {isa = PBXBuildFile; fileRef = 15ADD244225B2BAC00A8F3CE /* ic_lock.png */; };
		15ADD247225B2BAC00A8F3CE /* ic_email.png in Resources */ = {isa = PBXBuildFile; fileRef = 15ADD245225B2BAC00A8F3CE /* ic_email.png */; };
		15ADD249225B3AC900A8F3CE /* logo.png in Resources */ = {isa = PBXBuildFile; fileRef = 15ADD248225B3AC800A8F3CE /* logo.png */; };
		15ADD24B225B405400A8F3CE /* RegisterViewController.swift in Sources */ = {isa = PBXBuildFile; fileRef = 15ADD24A225B405400A8F3CE /* RegisterViewController.swift */; };
		15E6816E22617E9F002D2211 /* question.png in Resources */ = {isa = PBXBuildFile; fileRef = 15E6816D22617E9E002D2211 /* question.png */; };
		15E6819322617FF0002D2211 /* calendar.png in Resources */ = {isa = PBXBuildFile; fileRef = 15E6819122617FEF002D2211 /* calendar.png */; };
		15E6819422617FF0002D2211 /* three_line_blue.png in Resources */ = {isa = PBXBuildFile; fileRef = 15E6819222617FF0002D2211 /* three_line_blue.png */; };
		15E68199226188BF002D2211 /* SelectCategoryViewController.swift in Sources */ = {isa = PBXBuildFile; fileRef = 15E68198226188BF002D2211 /* SelectCategoryViewController.swift */; };
		843E38D8225E3E4A0044610A /* ChooseAccountTypePopupView.swift in Sources */ = {isa = PBXBuildFile; fileRef = 843E38D7225E3E4A0044610A /* ChooseAccountTypePopupView.swift */; };
		843E38DC225E43160044610A /* AccountTypeCell.swift in Sources */ = {isa = PBXBuildFile; fileRef = 843E38DA225E43160044610A /* AccountTypeCell.swift */; };
		843E38DD225E43160044610A /* AccountTypeCell.xib in Resources */ = {isa = PBXBuildFile; fileRef = 843E38DB225E43160044610A /* AccountTypeCell.xib */; };
		843E38DF225E43D80044610A /* choosed.png in Resources */ = {isa = PBXBuildFile; fileRef = 843E38DE225E43D60044610A /* choosed.png */; };
		84BD2DAF225EACDA00F72238 /* description.png in Resources */ = {isa = PBXBuildFile; fileRef = 84BD2DAE225EACD900F72238 /* description.png */; };
		84BD2DB2225EB67F00F72238 /* WalletAccountModel.swift in Sources */ = {isa = PBXBuildFile; fileRef = 84BD2DB1225EB67F00F72238 /* WalletAccountModel.swift */; };
		84C2214A225D691600C4ECFE /* HomeViewController.swift in Sources */ = {isa = PBXBuildFile; fileRef = 84C22149225D691600C4ECFE /* HomeViewController.swift */; };
		C6C1B1823237D2A0C8D1F2CA /* Pods_QuanLyChiTieu.framework in Frameworks */ = {isa = PBXBuildFile; fileRef = 0E60493C999FD289F2985B24 /* Pods_QuanLyChiTieu.framework */; };
/* End PBXBuildFile section */

/* Begin PBXFileReference section */
		0E60493C999FD289F2985B24 /* Pods_QuanLyChiTieu.framework */ = {isa = PBXFileReference; explicitFileType = wrapper.framework; includeInIndex = 0; path = Pods_QuanLyChiTieu.framework; sourceTree = BUILT_PRODUCTS_DIR; };
		152141FB225F4DCC00ACD6D3 /* WalletAccountCell.swift */ = {isa = PBXFileReference; lastKnownFileType = sourcecode.swift; path = WalletAccountCell.swift; sourceTree = "<group>"; };
		152141FC225F4DCC00ACD6D3 /* WalletAccountCell.xib */ = {isa = PBXFileReference; lastKnownFileType = file.xib; path = WalletAccountCell.xib; sourceTree = "<group>"; };
		152141FF225F4E7E00ACD6D3 /* more_vertical.png */ = {isa = PBXFileReference; lastKnownFileType = image.png; path = more_vertical.png; sourceTree = "<group>"; };
		15214201225F51A800ACD6D3 /* WalletAccountObj.swift */ = {isa = PBXFileReference; lastKnownFileType = sourcecode.swift; path = WalletAccountObj.swift; sourceTree = "<group>"; };
		153A25A3225D959A00BEBD39 /* OverviewViewController.swift */ = {isa = PBXFileReference; lastKnownFileType = sourcecode.swift; path = OverviewViewController.swift; sourceTree = "<group>"; };
		153A25A5225D961400BEBD39 /* AccountViewController.swift */ = {isa = PBXFileReference; lastKnownFileType = sourcecode.swift; path = AccountViewController.swift; sourceTree = "<group>"; };
		153A25B4225D9F9800BEBD39 /* tabbar_overview@2x.png */ = {isa = PBXFileReference; lastKnownFileType = image.png; path = "tabbar_overview@2x.png"; sourceTree = "<group>"; };
		153A25B5225D9F9B00BEBD39 /* tabbar_overview.png */ = {isa = PBXFileReference; lastKnownFileType = image.png; path = tabbar_overview.png; sourceTree = "<group>"; };
		153A25B6225D9F9B00BEBD39 /* tabbar_overview@3x.png */ = {isa = PBXFileReference; lastKnownFileType = image.png; path = "tabbar_overview@3x.png"; sourceTree = "<group>"; };
		153A25BA225DA0DF00BEBD39 /* tabbar_wallet@2x.png */ = {isa = PBXFileReference; lastKnownFileType = image.png; path = "tabbar_wallet@2x.png"; sourceTree = "<group>"; };
		153A25BB225DA0E000BEBD39 /* tabbar_wallet.png */ = {isa = PBXFileReference; lastKnownFileType = image.png; path = tabbar_wallet.png; sourceTree = "<group>"; };
		153A25BC225DA0E000BEBD39 /* tabbar_wallet@3x.png */ = {isa = PBXFileReference; lastKnownFileType = image.png; path = "tabbar_wallet@3x.png"; sourceTree = "<group>"; };
		153A25C0225DA2AC00BEBD39 /* tabbar_more.png */ = {isa = PBXFileReference; lastKnownFileType = image.png; path = tabbar_more.png; sourceTree = "<group>"; };
		153A25C1225DA2AC00BEBD39 /* tabbar_more@3x.png */ = {isa = PBXFileReference; lastKnownFileType = image.png; path = "tabbar_more@3x.png"; sourceTree = "<group>"; };
		153A25C2225DA2AD00BEBD39 /* tabbar_more@2x.png */ = {isa = PBXFileReference; lastKnownFileType = image.png; path = "tabbar_more@2x.png"; sourceTree = "<group>"; };
		153A25C6225DA2B900BEBD39 /* MoreViewController.swift */ = {isa = PBXFileReference; lastKnownFileType = sourcecode.swift; path = MoreViewController.swift; sourceTree = "<group>"; };
		153A25C9225DAE4600BEBD39 /* WalletInfoCell.swift */ = {isa = PBXFileReference; lastKnownFileType = sourcecode.swift; path = WalletInfoCell.swift; sourceTree = "<group>"; };
		153A25CA225DAE4600BEBD39 /* WalletInfoCell.xib */ = {isa = PBXFileReference; lastKnownFileType = file.xib; path = WalletInfoCell.xib; sourceTree = "<group>"; };
		153A25CD225DAEC400BEBD39 /* right-arrow.png */ = {isa = PBXFileReference; lastKnownFileType = image.png; path = "right-arrow.png"; sourceTree = "<group>"; };
		153A25D0225DAF5800BEBD39 /* StringsUtil.swift */ = {isa = PBXFileReference; lastKnownFileType = sourcecode.swift; path = StringsUtil.swift; sourceTree = "<group>"; };
		153A25D2225DD14500BEBD39 /* ReceiptAndExpenseCell.swift */ = {isa = PBXFileReference; lastKnownFileType = sourcecode.swift; path = ReceiptAndExpenseCell.swift; sourceTree = "<group>"; };
		153A25D3225DD14500BEBD39 /* ReceiptAndExpenseCell.xib */ = {isa = PBXFileReference; lastKnownFileType = file.xib; path = ReceiptAndExpenseCell.xib; sourceTree = "<group>"; };
		153A25D6225DD6D900BEBD39 /* ActionCell.swift */ = {isa = PBXFileReference; lastKnownFileType = sourcecode.swift; path = ActionCell.swift; sourceTree = "<group>"; };
		153A25D7225DD6D900BEBD39 /* ActionCell.xib */ = {isa = PBXFileReference; lastKnownFileType = file.xib; path = ActionCell.xib; sourceTree = "<group>"; };
		153A25DA225DE47000BEBD39 /* CreateAccountViewController.swift */ = {isa = PBXFileReference; lastKnownFileType = sourcecode.swift; path = CreateAccountViewController.swift; sourceTree = "<group>"; };
		153A25DC225DE6F800BEBD39 /* add_white.png */ = {isa = PBXFileReference; lastKnownFileType = image.png; path = add_white.png; sourceTree = "<group>"; };
		153A25DE225DEFCB00BEBD39 /* tick_white.png */ = {isa = PBXFileReference; lastKnownFileType = image.png; path = tick_white.png; sourceTree = "<group>"; };
		153A25E0225DF39000BEBD39 /* BalanceCell.swift */ = {isa = PBXFileReference; lastKnownFileType = sourcecode.swift; path = BalanceCell.swift; sourceTree = "<group>"; };
		153A25E1225DF39000BEBD39 /* BalanceCell.xib */ = {isa = PBXFileReference; lastKnownFileType = file.xib; path = BalanceCell.xib; sourceTree = "<group>"; };
		153A25E5225DF92F00BEBD39 /* AmountDetailCell.swift */ = {isa = PBXFileReference; lastKnownFileType = sourcecode.swift; path = AmountDetailCell.swift; sourceTree = "<group>"; };
		153A25E6225DF92F00BEBD39 /* AmountDetailCell.xib */ = {isa = PBXFileReference; lastKnownFileType = file.xib; path = AmountDetailCell.xib; sourceTree = "<group>"; };
		153A25E9225DF94200BEBD39 /* AmoutDetailDescCell.swift */ = {isa = PBXFileReference; lastKnownFileType = sourcecode.swift; path = AmoutDetailDescCell.swift; sourceTree = "<group>"; };
		153A25EA225DF94200BEBD39 /* AmoutDetailDescCell.xib */ = {isa = PBXFileReference; lastKnownFileType = file.xib; path = AmoutDetailDescCell.xib; sourceTree = "<group>"; };
		153A25ED225DFB0000BEBD39 /* arrow_gray.png */ = {isa = PBXFileReference; lastKnownFileType = image.png; path = arrow_gray.png; sourceTree = "<group>"; };
		153A25F0225E065B00BEBD39 /* ic_money.png */ = {isa = PBXFileReference; lastKnownFileType = image.png; path = ic_money.png; sourceTree = "<group>"; };
		153A25F1225E065B00BEBD39 /* ic_bank.png */ = {isa = PBXFileReference; lastKnownFileType = image.png; path = ic_bank.png; sourceTree = "<group>"; };
		153A25F4225E076F00BEBD39 /* ic_wallet_gray.png */ = {isa = PBXFileReference; lastKnownFileType = image.png; path = ic_wallet_gray.png; sourceTree = "<group>"; };
		153A25F6225E081100BEBD39 /* ic_dollar.png */ = {isa = PBXFileReference; lastKnownFileType = image.png; path = ic_dollar.png; sourceTree = "<group>"; };
		1574B45822608AEA00904619 /* SavingAccountViewController.swift */ = {isa = PBXFileReference; lastKnownFileType = sourcecode.swift; path = SavingAccountViewController.swift; sourceTree = "<group>"; };
		1574B45A22608B6400904619 /* ActionViewController.swift */ = {isa = PBXFileReference; lastKnownFileType = sourcecode.swift; path = ActionViewController.swift; sourceTree = "<group>"; };
		1574B45C22608C8800904619 /* tabbar_add.png */ = {isa = PBXFileReference; lastKnownFileType = image.png; path = tabbar_add.png; sourceTree = "<group>"; };
		1574B45D22608C8900904619 /* tabbar_add@2x.png */ = {isa = PBXFileReference; lastKnownFileType = image.png; path = "tabbar_add@2x.png"; sourceTree = "<group>"; };
		1574B45E22608C8900904619 /* tabbar_add@3x.png */ = {isa = PBXFileReference; lastKnownFileType = image.png; path = "tabbar_add@3x.png"; sourceTree = "<group>"; };
		1574B46222608D1D00904619 /* tabbar_saving.png */ = {isa = PBXFileReference; lastKnownFileType = image.png; path = tabbar_saving.png; sourceTree = "<group>"; };
		1574B46322608D1E00904619 /* tabbar_saving@3x.png */ = {isa = PBXFileReference; lastKnownFileType = image.png; path = "tabbar_saving@3x.png"; sourceTree = "<group>"; };
		1574B46422608D1E00904619 /* tabbar_saving@2x.png */ = {isa = PBXFileReference; lastKnownFileType = image.png; path = "tabbar_saving@2x.png"; sourceTree = "<group>"; };
		1574B4682260970E00904619 /* tabbar_plus@3x.png */ = {isa = PBXFileReference; lastKnownFileType = image.png; path = "tabbar_plus@3x.png"; sourceTree = "<group>"; };
		1574B4692260970F00904619 /* tabbar_plus@2x.png */ = {isa = PBXFileReference; lastKnownFileType = image.png; path = "tabbar_plus@2x.png"; sourceTree = "<group>"; };
		1574B46A2260970F00904619 /* tabbar_plus.png */ = {isa = PBXFileReference; lastKnownFileType = image.png; path = tabbar_plus.png; sourceTree = "<group>"; };
		15886984225C3D78000FC0E5 /* pass_show.png */ = {isa = PBXFileReference; lastKnownFileType = image.png; path = pass_show.png; sourceTree = "<group>"; };
		15886985225C3D78000FC0E5 /* pass_hide.png */ = {isa = PBXFileReference; lastKnownFileType = image.png; path = pass_hide.png; sourceTree = "<group>"; };
		15886988225C4BB6000FC0E5 /* CoreData.framework */ = {isa = PBXFileReference; lastKnownFileType = wrapper.framework; name = CoreData.framework; path = System/Library/Frameworks/CoreData.framework; sourceTree = SDKROOT; };
		1588698B225C5098000FC0E5 /* AccountModel.swift */ = {isa = PBXFileReference; lastKnownFileType = sourcecode.swift; path = AccountModel.swift; sourceTree = "<group>"; };
		15ADD216225AFD4300A8F3CE /* QuanLyChiTieu.app */ = {isa = PBXFileReference; explicitFileType = wrapper.application; includeInIndex = 0; path = QuanLyChiTieu.app; sourceTree = BUILT_PRODUCTS_DIR; };
		15ADD219225AFD4300A8F3CE /* AppDelegate.swift */ = {isa = PBXFileReference; lastKnownFileType = sourcecode.swift; path = AppDelegate.swift; sourceTree = "<group>"; };
		15ADD21B225AFD4300A8F3CE /* ViewController.swift */ = {isa = PBXFileReference; lastKnownFileType = sourcecode.swift; path = ViewController.swift; sourceTree = "<group>"; };
		15ADD21E225AFD4300A8F3CE /* Base */ = {isa = PBXFileReference; lastKnownFileType = file.storyboard; name = Base; path = Base.lproj/Main.storyboard; sourceTree = "<group>"; };
		15ADD221225AFD4300A8F3CE /* QuanLyChiTieu.xcdatamodel */ = {isa = PBXFileReference; lastKnownFileType = wrapper.xcdatamodel; path = QuanLyChiTieu.xcdatamodel; sourceTree = "<group>"; };
		15ADD223225AFD4600A8F3CE /* Assets.xcassets */ = {isa = PBXFileReference; lastKnownFileType = folder.assetcatalog; path = Assets.xcassets; sourceTree = "<group>"; };
		15ADD226225AFD4600A8F3CE /* Base */ = {isa = PBXFileReference; lastKnownFileType = file.storyboard; name = Base; path = Base.lproj/LaunchScreen.storyboard; sourceTree = "<group>"; };
		15ADD228225AFD4600A8F3CE /* Info.plist */ = {isa = PBXFileReference; lastKnownFileType = text.plist.xml; path = Info.plist; sourceTree = "<group>"; };
		15ADD22E225AFFA700A8F3CE /* SignInViewController.swift */ = {isa = PBXFileReference; lastKnownFileType = sourcecode.swift; path = SignInViewController.swift; sourceTree = "<group>"; };
		15ADD23E225B090C00A8F3CE /* en */ = {isa = PBXFileReference; lastKnownFileType = text.plist.strings; name = en; path = en.lproj/Localizable.strings; sourceTree = "<group>"; };
		15ADD240225B092600A8F3CE /* vi */ = {isa = PBXFileReference; lastKnownFileType = text.plist.strings; name = vi; path = vi.lproj/Main.strings; sourceTree = "<group>"; };
		15ADD241225B092700A8F3CE /* vi */ = {isa = PBXFileReference; lastKnownFileType = text.plist.strings; name = vi; path = vi.lproj/LaunchScreen.strings; sourceTree = "<group>"; };
		15ADD242225B092700A8F3CE /* vi */ = {isa = PBXFileReference; lastKnownFileType = text.plist.strings; name = vi; path = vi.lproj/Localizable.strings; sourceTree = "<group>"; };
		15ADD244225B2BAC00A8F3CE /* ic_lock.png */ = {isa = PBXFileReference; lastKnownFileType = image.png; path = ic_lock.png; sourceTree = "<group>"; };
		15ADD245225B2BAC00A8F3CE /* ic_email.png */ = {isa = PBXFileReference; lastKnownFileType = image.png; path = ic_email.png; sourceTree = "<group>"; };
		15ADD248225B3AC800A8F3CE /* logo.png */ = {isa = PBXFileReference; lastKnownFileType = image.png; path = logo.png; sourceTree = "<group>"; };
		15ADD24A225B405400A8F3CE /* RegisterViewController.swift */ = {isa = PBXFileReference; lastKnownFileType = sourcecode.swift; path = RegisterViewController.swift; sourceTree = "<group>"; };
		15E6816D22617E9E002D2211 /* question.png */ = {isa = PBXFileReference; lastKnownFileType = image.png; path = question.png; sourceTree = "<group>"; };
		15E6819122617FEF002D2211 /* calendar.png */ = {isa = PBXFileReference; lastKnownFileType = image.png; path = calendar.png; sourceTree = "<group>"; };
		15E6819222617FF0002D2211 /* three_line_blue.png */ = {isa = PBXFileReference; lastKnownFileType = image.png; path = three_line_blue.png; sourceTree = "<group>"; };
		15E68198226188BF002D2211 /* SelectCategoryViewController.swift */ = {isa = PBXFileReference; lastKnownFileType = sourcecode.swift; path = SelectCategoryViewController.swift; sourceTree = "<group>"; };
		843E38D7225E3E4A0044610A /* ChooseAccountTypePopupView.swift */ = {isa = PBXFileReference; lastKnownFileType = sourcecode.swift; path = ChooseAccountTypePopupView.swift; sourceTree = "<group>"; };
		843E38DA225E43160044610A /* AccountTypeCell.swift */ = {isa = PBXFileReference; lastKnownFileType = sourcecode.swift; path = AccountTypeCell.swift; sourceTree = "<group>"; };
		843E38DB225E43160044610A /* AccountTypeCell.xib */ = {isa = PBXFileReference; lastKnownFileType = file.xib; path = AccountTypeCell.xib; sourceTree = "<group>"; };
		843E38DE225E43D60044610A /* choosed.png */ = {isa = PBXFileReference; lastKnownFileType = image.png; path = choosed.png; sourceTree = "<group>"; };
		84BD2DAE225EACD900F72238 /* description.png */ = {isa = PBXFileReference; lastKnownFileType = image.png; path = description.png; sourceTree = "<group>"; };
		84BD2DB1225EB67F00F72238 /* WalletAccountModel.swift */ = {isa = PBXFileReference; lastKnownFileType = sourcecode.swift; path = WalletAccountModel.swift; sourceTree = "<group>"; };
		84C22142225D66BB00C4ECFE /* AppString.h */ = {isa = PBXFileReference; lastKnownFileType = sourcecode.c.h; path = AppString.h; sourceTree = "<group>"; };
		84C22145225D688D00C4ECFE /* QuanLyChiTieu-Bridging-Header.h */ = {isa = PBXFileReference; lastKnownFileType = sourcecode.c.h; path = "QuanLyChiTieu-Bridging-Header.h"; sourceTree = "<group>"; };
		84C22149225D691600C4ECFE /* HomeViewController.swift */ = {isa = PBXFileReference; lastKnownFileType = sourcecode.swift; path = HomeViewController.swift; sourceTree = "<group>"; };
		B21FD4686CE0206AC2F142F4 /* Pods-QuanLyChiTieu.debug.xcconfig */ = {isa = PBXFileReference; includeInIndex = 1; lastKnownFileType = text.xcconfig; name = "Pods-QuanLyChiTieu.debug.xcconfig"; path = "Pods/Target Support Files/Pods-QuanLyChiTieu/Pods-QuanLyChiTieu.debug.xcconfig"; sourceTree = "<group>"; };
		D3555135EAD15A6DDC75997E /* Pods-QuanLyChiTieu.release.xcconfig */ = {isa = PBXFileReference; includeInIndex = 1; lastKnownFileType = text.xcconfig; name = "Pods-QuanLyChiTieu.release.xcconfig"; path = "Pods/Target Support Files/Pods-QuanLyChiTieu/Pods-QuanLyChiTieu.release.xcconfig"; sourceTree = "<group>"; };
/* End PBXFileReference section */

/* Begin PBXFrameworksBuildPhase section */
		15ADD213225AFD4300A8F3CE /* Frameworks */ = {
			isa = PBXFrameworksBuildPhase;
			buildActionMask = 2147483647;
			files = (
				15886989225C4BB7000FC0E5 /* CoreData.framework in Frameworks */,
				C6C1B1823237D2A0C8D1F2CA /* Pods_QuanLyChiTieu.framework in Frameworks */,
			);
			runOnlyForDeploymentPostprocessing = 0;
		};
/* End PBXFrameworksBuildPhase section */

/* Begin PBXGroup section */
		153A25C8225DAE2100BEBD39 /* AppUI */ = {
			isa = PBXGroup;
			children = (
				153A25C9225DAE4600BEBD39 /* WalletInfoCell.swift */,
				153A25CA225DAE4600BEBD39 /* WalletInfoCell.xib */,
				153A25D2225DD14500BEBD39 /* ReceiptAndExpenseCell.swift */,
				153A25D3225DD14500BEBD39 /* ReceiptAndExpenseCell.xib */,
				153A25D6225DD6D900BEBD39 /* ActionCell.swift */,
				153A25D7225DD6D900BEBD39 /* ActionCell.xib */,
				153A25E0225DF39000BEBD39 /* BalanceCell.swift */,
				153A25E1225DF39000BEBD39 /* BalanceCell.xib */,
				153A25E5225DF92F00BEBD39 /* AmountDetailCell.swift */,
				153A25E6225DF92F00BEBD39 /* AmountDetailCell.xib */,
				153A25E9225DF94200BEBD39 /* AmoutDetailDescCell.swift */,
				153A25EA225DF94200BEBD39 /* AmoutDetailDescCell.xib */,
				843E38D7225E3E4A0044610A /* ChooseAccountTypePopupView.swift */,
				843E38DA225E43160044610A /* AccountTypeCell.swift */,
				843E38DB225E43160044610A /* AccountTypeCell.xib */,
				152141FB225F4DCC00ACD6D3 /* WalletAccountCell.swift */,
				152141FC225F4DCC00ACD6D3 /* WalletAccountCell.xib */,
			);
			path = AppUI;
			sourceTree = "<group>";
		};
		153A25CF225DAF3B00BEBD39 /* AppObjects */ = {
			isa = PBXGroup;
			children = (
				153A25D0225DAF5800BEBD39 /* StringsUtil.swift */,
				15214201225F51A800ACD6D3 /* WalletAccountObj.swift */,
			);
			path = AppObjects;
			sourceTree = "<group>";
		};
		1588698A225C4DC9000FC0E5 /* Model */ = {
			isa = PBXGroup;
			children = (
				1588698B225C5098000FC0E5 /* AccountModel.swift */,
				84BD2DB1225EB67F00F72238 /* WalletAccountModel.swift */,
			);
			path = Model;
			sourceTree = "<group>";
		};
		15ADD20D225AFD4300A8F3CE = {
			isa = PBXGroup;
			children = (
				15ADD23A225B08DC00A8F3CE /* Resources */,
				15ADD218225AFD4300A8F3CE /* QuanLyChiTieu */,
				15ADD217225AFD4300A8F3CE /* Products */,
				8D1F9838C3282E52788CA59D /* Pods */,
				DF9FD747FD02AFD3C3D68E93 /* Frameworks */,
			);
			sourceTree = "<group>";
		};
		15ADD217225AFD4300A8F3CE /* Products */ = {
			isa = PBXGroup;
			children = (
				15ADD216225AFD4300A8F3CE /* QuanLyChiTieu.app */,
			);
			name = Products;
			sourceTree = "<group>";
		};
		15ADD218225AFD4300A8F3CE /* QuanLyChiTieu */ = {
			isa = PBXGroup;
			children = (
				153A25CF225DAF3B00BEBD39 /* AppObjects */,
				153A25C8225DAE2100BEBD39 /* AppUI */,
				1588698A225C4DC9000FC0E5 /* Model */,
				15ADD219225AFD4300A8F3CE /* AppDelegate.swift */,
				15ADD21B225AFD4300A8F3CE /* ViewController.swift */,
				15ADD22E225AFFA700A8F3CE /* SignInViewController.swift */,
				15ADD24A225B405400A8F3CE /* RegisterViewController.swift */,
				84C22149225D691600C4ECFE /* HomeViewController.swift */,
				153A25A3225D959A00BEBD39 /* OverviewViewController.swift */,
				153A25A5225D961400BEBD39 /* AccountViewController.swift */,
				153A25DA225DE47000BEBD39 /* CreateAccountViewController.swift */,
				1574B45A22608B6400904619 /* ActionViewController.swift */,
				1574B45822608AEA00904619 /* SavingAccountViewController.swift */,
				153A25C6225DA2B900BEBD39 /* MoreViewController.swift */,
				15E68198226188BF002D2211 /* SelectCategoryViewController.swift */,
				15ADD21D225AFD4300A8F3CE /* Main.storyboard */,
				15ADD223225AFD4600A8F3CE /* Assets.xcassets */,
				15ADD225225AFD4600A8F3CE /* LaunchScreen.storyboard */,
				15ADD228225AFD4600A8F3CE /* Info.plist */,
				15ADD220225AFD4300A8F3CE /* QuanLyChiTieu.xcdatamodeld */,
				84C22145225D688D00C4ECFE /* QuanLyChiTieu-Bridging-Header.h */,
			);
			path = QuanLyChiTieu;
			sourceTree = "<group>";
		};
		15ADD23A225B08DC00A8F3CE /* Resources */ = {
			isa = PBXGroup;
			children = (
				15ADD243225B2B9300A8F3CE /* images */,
				15ADD23F225B090C00A8F3CE /* Localizable.strings */,
				84C22142225D66BB00C4ECFE /* AppString.h */,
			);
			path = Resources;
			sourceTree = "<group>";
		};
		15ADD243225B2B9300A8F3CE /* images */ = {
			isa = PBXGroup;
			children = (
				15ADD245225B2BAC00A8F3CE /* ic_email.png */,
				15ADD248225B3AC800A8F3CE /* logo.png */,
				15ADD244225B2BAC00A8F3CE /* ic_lock.png */,
				15886985225C3D78000FC0E5 /* pass_hide.png */,
				15886984225C3D78000FC0E5 /* pass_show.png */,
				153A25B5225D9F9B00BEBD39 /* tabbar_overview.png */,
				153A25B4225D9F9800BEBD39 /* tabbar_overview@2x.png */,
				153A25B6225D9F9B00BEBD39 /* tabbar_overview@3x.png */,
				153A25BB225DA0E000BEBD39 /* tabbar_wallet.png */,
				153A25BA225DA0DF00BEBD39 /* tabbar_wallet@2x.png */,
				153A25BC225DA0E000BEBD39 /* tabbar_wallet@3x.png */,
				153A25C0225DA2AC00BEBD39 /* tabbar_more.png */,
				153A25C2225DA2AD00BEBD39 /* tabbar_more@2x.png */,
				153A25C1225DA2AC00BEBD39 /* tabbar_more@3x.png */,
				1574B45C22608C8800904619 /* tabbar_add.png */,
				1574B45D22608C8900904619 /* tabbar_add@2x.png */,
				1574B45E22608C8900904619 /* tabbar_add@3x.png */,
				1574B46222608D1D00904619 /* tabbar_saving.png */,
				1574B46422608D1E00904619 /* tabbar_saving@2x.png */,
				1574B46322608D1E00904619 /* tabbar_saving@3x.png */,
				1574B46A2260970F00904619 /* tabbar_plus.png */,
				1574B4692260970F00904619 /* tabbar_plus@2x.png */,
				1574B4682260970E00904619 /* tabbar_plus@3x.png */,
				153A25CD225DAEC400BEBD39 /* right-arrow.png */,
				153A25DC225DE6F800BEBD39 /* add_white.png */,
				153A25DE225DEFCB00BEBD39 /* tick_white.png */,
				153A25ED225DFB0000BEBD39 /* arrow_gray.png */,
				153A25F1225E065B00BEBD39 /* ic_bank.png */,
				153A25F0225E065B00BEBD39 /* ic_money.png */,
				153A25F4225E076F00BEBD39 /* ic_wallet_gray.png */,
				153A25F6225E081100BEBD39 /* ic_dollar.png */,
				843E38DE225E43D60044610A /* choosed.png */,
				84BD2DAE225EACD900F72238 /* description.png */,
				152141FF225F4E7E00ACD6D3 /* more_vertical.png */,
				15E6816D22617E9E002D2211 /* question.png */,
				15E6819122617FEF002D2211 /* calendar.png */,
				15E6819222617FF0002D2211 /* three_line_blue.png */,
			);
			path = images;
			sourceTree = "<group>";
		};
		8D1F9838C3282E52788CA59D /* Pods */ = {
			isa = PBXGroup;
			children = (
				B21FD4686CE0206AC2F142F4 /* Pods-QuanLyChiTieu.debug.xcconfig */,
				D3555135EAD15A6DDC75997E /* Pods-QuanLyChiTieu.release.xcconfig */,
			);
			name = Pods;
			sourceTree = "<group>";
		};
		DF9FD747FD02AFD3C3D68E93 /* Frameworks */ = {
			isa = PBXGroup;
			children = (
				15886988225C4BB6000FC0E5 /* CoreData.framework */,
				0E60493C999FD289F2985B24 /* Pods_QuanLyChiTieu.framework */,
			);
			name = Frameworks;
			sourceTree = "<group>";
		};
/* End PBXGroup section */

/* Begin PBXNativeTarget section */
		15ADD215225AFD4300A8F3CE /* QuanLyChiTieu */ = {
			isa = PBXNativeTarget;
			buildConfigurationList = 15ADD22B225AFD4600A8F3CE /* Build configuration list for PBXNativeTarget "QuanLyChiTieu" */;
			buildPhases = (
				D9D5CD359D9C3DE08EBC07F8 /* [CP] Check Pods Manifest.lock */,
				15ADD212225AFD4300A8F3CE /* Sources */,
				15ADD213225AFD4300A8F3CE /* Frameworks */,
				15ADD214225AFD4300A8F3CE /* Resources */,
				C68B344379CC91CB4A431E50 /* [CP] Embed Pods Frameworks */,
			);
			buildRules = (
			);
			dependencies = (
			);
			name = QuanLyChiTieu;
			productName = QuanLyChiTieu;
			productReference = 15ADD216225AFD4300A8F3CE /* QuanLyChiTieu.app */;
			productType = "com.apple.product-type.application";
		};
/* End PBXNativeTarget section */

/* Begin PBXProject section */
		15ADD20E225AFD4300A8F3CE /* Project object */ = {
			isa = PBXProject;
			attributes = {
				LastSwiftUpdateCheck = 0940;
				LastUpgradeCheck = 0940;
				ORGANIZATIONNAME = KhaiLe;
				TargetAttributes = {
					15ADD215225AFD4300A8F3CE = {
						CreatedOnToolsVersion = 9.4;
						LastSwiftMigration = 1010;
					};
				};
			};
			buildConfigurationList = 15ADD211225AFD4300A8F3CE /* Build configuration list for PBXProject "QuanLyChiTieu" */;
			compatibilityVersion = "Xcode 9.3";
			developmentRegion = en;
			hasScannedForEncodings = 0;
			knownRegions = (
				en,
				Base,
				vi,
			);
			mainGroup = 15ADD20D225AFD4300A8F3CE;
			productRefGroup = 15ADD217225AFD4300A8F3CE /* Products */;
			projectDirPath = "";
			projectRoot = "";
			targets = (
				15ADD215225AFD4300A8F3CE /* QuanLyChiTieu */,
			);
		};
/* End PBXProject section */

/* Begin PBXResourcesBuildPhase section */
		15ADD214225AFD4300A8F3CE /* Resources */ = {
			isa = PBXResourcesBuildPhase;
			buildActionMask = 2147483647;
			files = (
				153A25DD225DE6F800BEBD39 /* add_white.png in Resources */,
				1574B46C2260970F00904619 /* tabbar_plus@2x.png in Resources */,
				84BD2DAF225EACDA00F72238 /* description.png in Resources */,
				153A25CE225DAEC500BEBD39 /* right-arrow.png in Resources */,
				153A25F2225E065C00BEBD39 /* ic_money.png in Resources */,
				153A25F3225E065C00BEBD39 /* ic_bank.png in Resources */,
				153A25C3225DA2AE00BEBD39 /* tabbar_more.png in Resources */,
				1574B46022608C8900904619 /* tabbar_add@2x.png in Resources */,
				153A25B8225D9F9E00BEBD39 /* tabbar_overview.png in Resources */,
				153A25D9225DD6D900BEBD39 /* ActionCell.xib in Resources */,
				15E6819422617FF0002D2211 /* three_line_blue.png in Resources */,
				15ADD227225AFD4600A8F3CE /* LaunchScreen.storyboard in Resources */,
				15214200225F4E7F00ACD6D3 /* more_vertical.png in Resources */,
				1574B46B2260970F00904619 /* tabbar_plus@3x.png in Resources */,
				1574B46622608D1E00904619 /* tabbar_saving@3x.png in Resources */,
				153A25B7225D9F9E00BEBD39 /* tabbar_overview@2x.png in Resources */,
				843E38DF225E43D80044610A /* choosed.png in Resources */,
				153A25F7225E081200BEBD39 /* ic_dollar.png in Resources */,
				152141FE225F4DCC00ACD6D3 /* WalletAccountCell.xib in Resources */,
				15ADD23D225B090C00A8F3CE /* Localizable.strings in Resources */,
				1574B45F22608C8900904619 /* tabbar_add.png in Resources */,
				153A25BE225DA0E100BEBD39 /* tabbar_wallet.png in Resources */,
				153A25BF225DA0E100BEBD39 /* tabbar_wallet@3x.png in Resources */,
				1574B46122608C8900904619 /* tabbar_add@3x.png in Resources */,
				15ADD224225AFD4600A8F3CE /* Assets.xcassets in Resources */,
				153A25EC225DF94200BEBD39 /* AmoutDetailDescCell.xib in Resources */,
				15E6819322617FF0002D2211 /* calendar.png in Resources */,
				15E6816E22617E9F002D2211 /* question.png in Resources */,
				15ADD246225B2BAC00A8F3CE /* ic_lock.png in Resources */,
				153A25CC225DAE4600BEBD39 /* WalletInfoCell.xib in Resources */,
				1574B46D2260970F00904619 /* tabbar_plus.png in Resources */,
				15ADD249225B3AC900A8F3CE /* logo.png in Resources */,
				153A25D5225DD14500BEBD39 /* ReceiptAndExpenseCell.xib in Resources */,
				843E38DD225E43160044610A /* AccountTypeCell.xib in Resources */,
				15ADD247225B2BAC00A8F3CE /* ic_email.png in Resources */,
				1574B46722608D1E00904619 /* tabbar_saving@2x.png in Resources */,
				153A25E8225DF92F00BEBD39 /* AmountDetailCell.xib in Resources */,
				153A25BD225DA0E100BEBD39 /* tabbar_wallet@2x.png in Resources */,
				15886987225C3D79000FC0E5 /* pass_hide.png in Resources */,
				153A25F5225E077000BEBD39 /* ic_wallet_gray.png in Resources */,
				153A25C5225DA2AE00BEBD39 /* tabbar_more@2x.png in Resources */,
				15ADD21F225AFD4300A8F3CE /* Main.storyboard in Resources */,
				153A25EE225DFB0000BEBD39 /* arrow_gray.png in Resources */,
				1574B46522608D1E00904619 /* tabbar_saving.png in Resources */,
				153A25DF225DEFCC00BEBD39 /* tick_white.png in Resources */,
				153A25B9225D9F9E00BEBD39 /* tabbar_overview@3x.png in Resources */,
				153A25E3225DF39000BEBD39 /* BalanceCell.xib in Resources */,
				15886986225C3D79000FC0E5 /* pass_show.png in Resources */,
				153A25C4225DA2AE00BEBD39 /* tabbar_more@3x.png in Resources */,
			);
			runOnlyForDeploymentPostprocessing = 0;
		};
/* End PBXResourcesBuildPhase section */

/* Begin PBXShellScriptBuildPhase section */
		C68B344379CC91CB4A431E50 /* [CP] Embed Pods Frameworks */ = {
			isa = PBXShellScriptBuildPhase;
			buildActionMask = 2147483647;
			files = (
			);
			inputPaths = (
				"${SRCROOT}/Pods/Target Support Files/Pods-QuanLyChiTieu/Pods-QuanLyChiTieu-frameworks.sh",
				"${BUILT_PRODUCTS_DIR}/Masonry/Masonry.framework",
				"${BUILT_PRODUCTS_DIR}/Toast/Toast.framework",
			);
			name = "[CP] Embed Pods Frameworks";
			outputPaths = (
				"${TARGET_BUILD_DIR}/${FRAMEWORKS_FOLDER_PATH}/Masonry.framework",
				"${TARGET_BUILD_DIR}/${FRAMEWORKS_FOLDER_PATH}/Toast.framework",
			);
			runOnlyForDeploymentPostprocessing = 0;
			shellPath = /bin/sh;
			shellScript = "\"${SRCROOT}/Pods/Target Support Files/Pods-QuanLyChiTieu/Pods-QuanLyChiTieu-frameworks.sh\"\n";
			showEnvVarsInLog = 0;
		};
		D9D5CD359D9C3DE08EBC07F8 /* [CP] Check Pods Manifest.lock */ = {
			isa = PBXShellScriptBuildPhase;
			buildActionMask = 2147483647;
			files = (
			);
			inputPaths = (
				"${PODS_PODFILE_DIR_PATH}/Podfile.lock",
				"${PODS_ROOT}/Manifest.lock",
			);
			name = "[CP] Check Pods Manifest.lock";
			outputPaths = (
				"$(DERIVED_FILE_DIR)/Pods-QuanLyChiTieu-checkManifestLockResult.txt",
			);
			runOnlyForDeploymentPostprocessing = 0;
			shellPath = /bin/sh;
			shellScript = "diff \"${PODS_PODFILE_DIR_PATH}/Podfile.lock\" \"${PODS_ROOT}/Manifest.lock\" > /dev/null\nif [ $? != 0 ] ; then\n    # print error to STDERR\n    echo \"error: The sandbox is not in sync with the Podfile.lock. Run 'pod install' or update your CocoaPods installation.\" >&2\n    exit 1\nfi\n# This output is used by Xcode 'outputs' to avoid re-running this script phase.\necho \"SUCCESS\" > \"${SCRIPT_OUTPUT_FILE_0}\"\n";
			showEnvVarsInLog = 0;
		};
/* End PBXShellScriptBuildPhase section */

/* Begin PBXSourcesBuildPhase section */
		15ADD212225AFD4300A8F3CE /* Sources */ = {
			isa = PBXSourcesBuildPhase;
			buildActionMask = 2147483647;
			files = (
				84BD2DB2225EB67F00F72238 /* WalletAccountModel.swift in Sources */,
				843E38D8225E3E4A0044610A /* ChooseAccountTypePopupView.swift in Sources */,
				152141FD225F4DCC00ACD6D3 /* WalletAccountCell.swift in Sources */,
				153A25DB225DE47000BEBD39 /* CreateAccountViewController.swift in Sources */,
				15ADD22F225AFFA700A8F3CE /* SignInViewController.swift in Sources */,
				153A25E2225DF39000BEBD39 /* BalanceCell.swift in Sources */,
				15214202225F51A800ACD6D3 /* WalletAccountObj.swift in Sources */,
				1588698C225C5098000FC0E5 /* AccountModel.swift in Sources */,
				1574B45922608AEA00904619 /* SavingAccountViewController.swift in Sources */,
				15ADD24B225B405400A8F3CE /* RegisterViewController.swift in Sources */,
				15ADD222225AFD4300A8F3CE /* QuanLyChiTieu.xcdatamodeld in Sources */,
				843E38DC225E43160044610A /* AccountTypeCell.swift in Sources */,
				153A25D1225DAF5800BEBD39 /* StringsUtil.swift in Sources */,
				153A25E7225DF92F00BEBD39 /* AmountDetailCell.swift in Sources */,
				15ADD21C225AFD4300A8F3CE /* ViewController.swift in Sources */,
				153A25C7225DA2BA00BEBD39 /* MoreViewController.swift in Sources */,
				15E68199226188BF002D2211 /* SelectCategoryViewController.swift in Sources */,
				153A25D4225DD14500BEBD39 /* ReceiptAndExpenseCell.swift in Sources */,
				153A25A4225D959A00BEBD39 /* OverviewViewController.swift in Sources */,
				153A25CB225DAE4600BEBD39 /* WalletInfoCell.swift in Sources */,
				84C2214A225D691600C4ECFE /* HomeViewController.swift in Sources */,
				15ADD21A225AFD4300A8F3CE /* AppDelegate.swift in Sources */,
				1574B45B22608B6400904619 /* ActionViewController.swift in Sources */,
				153A25A6225D961400BEBD39 /* AccountViewController.swift in Sources */,
				153A25EB225DF94200BEBD39 /* AmoutDetailDescCell.swift in Sources */,
				153A25D8225DD6D900BEBD39 /* ActionCell.swift in Sources */,
			);
			runOnlyForDeploymentPostprocessing = 0;
		};
/* End PBXSourcesBuildPhase section */

/* Begin PBXVariantGroup section */
		15ADD21D225AFD4300A8F3CE /* Main.storyboard */ = {
			isa = PBXVariantGroup;
			children = (
				15ADD21E225AFD4300A8F3CE /* Base */,
				15ADD240225B092600A8F3CE /* vi */,
			);
			name = Main.storyboard;
			sourceTree = "<group>";
		};
		15ADD225225AFD4600A8F3CE /* LaunchScreen.storyboard */ = {
			isa = PBXVariantGroup;
			children = (
				15ADD226225AFD4600A8F3CE /* Base */,
				15ADD241225B092700A8F3CE /* vi */,
			);
			name = LaunchScreen.storyboard;
			sourceTree = "<group>";
		};
		15ADD23F225B090C00A8F3CE /* Localizable.strings */ = {
			isa = PBXVariantGroup;
			children = (
				15ADD23E225B090C00A8F3CE /* en */,
				15ADD242225B092700A8F3CE /* vi */,
			);
			name = Localizable.strings;
			sourceTree = "<group>";
		};
/* End PBXVariantGroup section */

/* Begin XCBuildConfiguration section */
		15ADD229225AFD4600A8F3CE /* Debug */ = {
			isa = XCBuildConfiguration;
			buildSettings = {
				ALWAYS_SEARCH_USER_PATHS = NO;
				CLANG_ANALYZER_LOCALIZABILITY_NONLOCALIZED = YES;
				CLANG_ANALYZER_NONNULL = YES;
				CLANG_ANALYZER_NUMBER_OBJECT_CONVERSION = YES_AGGRESSIVE;
				CLANG_CXX_LANGUAGE_STANDARD = "gnu++14";
				CLANG_CXX_LIBRARY = "libc++";
				CLANG_ENABLE_MODULES = YES;
				CLANG_ENABLE_OBJC_ARC = YES;
				CLANG_ENABLE_OBJC_WEAK = YES;
				CLANG_WARN_BLOCK_CAPTURE_AUTORELEASING = YES;
				CLANG_WARN_BOOL_CONVERSION = YES;
				CLANG_WARN_COMMA = YES;
				CLANG_WARN_CONSTANT_CONVERSION = YES;
				CLANG_WARN_DEPRECATED_OBJC_IMPLEMENTATIONS = YES;
				CLANG_WARN_DIRECT_OBJC_ISA_USAGE = YES_ERROR;
				CLANG_WARN_DOCUMENTATION_COMMENTS = YES;
				CLANG_WARN_EMPTY_BODY = YES;
				CLANG_WARN_ENUM_CONVERSION = YES;
				CLANG_WARN_INFINITE_RECURSION = YES;
				CLANG_WARN_INT_CONVERSION = YES;
				CLANG_WARN_NON_LITERAL_NULL_CONVERSION = YES;
				CLANG_WARN_OBJC_IMPLICIT_RETAIN_SELF = YES;
				CLANG_WARN_OBJC_LITERAL_CONVERSION = YES;
				CLANG_WARN_OBJC_ROOT_CLASS = YES_ERROR;
				CLANG_WARN_RANGE_LOOP_ANALYSIS = YES;
				CLANG_WARN_STRICT_PROTOTYPES = YES;
				CLANG_WARN_SUSPICIOUS_MOVE = YES;
				CLANG_WARN_UNGUARDED_AVAILABILITY = YES_AGGRESSIVE;
				CLANG_WARN_UNREACHABLE_CODE = YES;
				CLANG_WARN__DUPLICATE_METHOD_MATCH = YES;
				CODE_SIGN_IDENTITY = "iPhone Developer";
				COPY_PHASE_STRIP = NO;
				DEBUG_INFORMATION_FORMAT = dwarf;
				ENABLE_STRICT_OBJC_MSGSEND = YES;
				ENABLE_TESTABILITY = YES;
				GCC_C_LANGUAGE_STANDARD = gnu11;
				GCC_DYNAMIC_NO_PIC = NO;
				GCC_NO_COMMON_BLOCKS = YES;
				GCC_OPTIMIZATION_LEVEL = 0;
				GCC_PREPROCESSOR_DEFINITIONS = (
					"DEBUG=1",
					"$(inherited)",
				);
				GCC_WARN_64_TO_32_BIT_CONVERSION = YES;
				GCC_WARN_ABOUT_RETURN_TYPE = YES_ERROR;
				GCC_WARN_UNDECLARED_SELECTOR = YES;
				GCC_WARN_UNINITIALIZED_AUTOS = YES_AGGRESSIVE;
				GCC_WARN_UNUSED_FUNCTION = YES;
				GCC_WARN_UNUSED_VARIABLE = YES;
				IPHONEOS_DEPLOYMENT_TARGET = 11.4;
				MTL_ENABLE_DEBUG_INFO = YES;
				ONLY_ACTIVE_ARCH = YES;
				SDKROOT = iphoneos;
				SWIFT_ACTIVE_COMPILATION_CONDITIONS = DEBUG;
				SWIFT_OPTIMIZATION_LEVEL = "-Onone";
			};
			name = Debug;
		};
		15ADD22A225AFD4600A8F3CE /* Release */ = {
			isa = XCBuildConfiguration;
			buildSettings = {
				ALWAYS_SEARCH_USER_PATHS = NO;
				CLANG_ANALYZER_LOCALIZABILITY_NONLOCALIZED = YES;
				CLANG_ANALYZER_NONNULL = YES;
				CLANG_ANALYZER_NUMBER_OBJECT_CONVERSION = YES_AGGRESSIVE;
				CLANG_CXX_LANGUAGE_STANDARD = "gnu++14";
				CLANG_CXX_LIBRARY = "libc++";
				CLANG_ENABLE_MODULES = YES;
				CLANG_ENABLE_OBJC_ARC = YES;
				CLANG_ENABLE_OBJC_WEAK = YES;
				CLANG_WARN_BLOCK_CAPTURE_AUTORELEASING = YES;
				CLANG_WARN_BOOL_CONVERSION = YES;
				CLANG_WARN_COMMA = YES;
				CLANG_WARN_CONSTANT_CONVERSION = YES;
				CLANG_WARN_DEPRECATED_OBJC_IMPLEMENTATIONS = YES;
				CLANG_WARN_DIRECT_OBJC_ISA_USAGE = YES_ERROR;
				CLANG_WARN_DOCUMENTATION_COMMENTS = YES;
				CLANG_WARN_EMPTY_BODY = YES;
				CLANG_WARN_ENUM_CONVERSION = YES;
				CLANG_WARN_INFINITE_RECURSION = YES;
				CLANG_WARN_INT_CONVERSION = YES;
				CLANG_WARN_NON_LITERAL_NULL_CONVERSION = YES;
				CLANG_WARN_OBJC_IMPLICIT_RETAIN_SELF = YES;
				CLANG_WARN_OBJC_LITERAL_CONVERSION = YES;
				CLANG_WARN_OBJC_ROOT_CLASS = YES_ERROR;
				CLANG_WARN_RANGE_LOOP_ANALYSIS = YES;
				CLANG_WARN_STRICT_PROTOTYPES = YES;
				CLANG_WARN_SUSPICIOUS_MOVE = YES;
				CLANG_WARN_UNGUARDED_AVAILABILITY = YES_AGGRESSIVE;
				CLANG_WARN_UNREACHABLE_CODE = YES;
				CLANG_WARN__DUPLICATE_METHOD_MATCH = YES;
				CODE_SIGN_IDENTITY = "iPhone Developer";
				COPY_PHASE_STRIP = NO;
				DEBUG_INFORMATION_FORMAT = "dwarf-with-dsym";
				ENABLE_NS_ASSERTIONS = NO;
				ENABLE_STRICT_OBJC_MSGSEND = YES;
				GCC_C_LANGUAGE_STANDARD = gnu11;
				GCC_NO_COMMON_BLOCKS = YES;
				GCC_WARN_64_TO_32_BIT_CONVERSION = YES;
				GCC_WARN_ABOUT_RETURN_TYPE = YES_ERROR;
				GCC_WARN_UNDECLARED_SELECTOR = YES;
				GCC_WARN_UNINITIALIZED_AUTOS = YES_AGGRESSIVE;
				GCC_WARN_UNUSED_FUNCTION = YES;
				GCC_WARN_UNUSED_VARIABLE = YES;
				IPHONEOS_DEPLOYMENT_TARGET = 11.4;
				MTL_ENABLE_DEBUG_INFO = NO;
				SDKROOT = iphoneos;
				SWIFT_COMPILATION_MODE = wholemodule;
				SWIFT_OPTIMIZATION_LEVEL = "-O";
				VALIDATE_PRODUCT = YES;
			};
			name = Release;
		};
		15ADD22C225AFD4600A8F3CE /* Debug */ = {
			isa = XCBuildConfiguration;
			baseConfigurationReference = B21FD4686CE0206AC2F142F4 /* Pods-QuanLyChiTieu.debug.xcconfig */;
			buildSettings = {
				ASSETCATALOG_COMPILER_APPICON_NAME = AppIcon;
				CLANG_ENABLE_MODULES = YES;
				CODE_SIGN_STYLE = Manual;
				DEVELOPMENT_TEAM = JWYJ345PPC;
				INFOPLIST_FILE = QuanLyChiTieu/Info.plist;
				IPHONEOS_DEPLOYMENT_TARGET = 10.0;
				LD_RUNPATH_SEARCH_PATHS = (
					"$(inherited)",
					"@executable_path/Frameworks",
				);
				PRODUCT_BUNDLE_IDENTIFIER = com.ods.cloudfoneapp;
				PRODUCT_NAME = "$(TARGET_NAME)";
				PROVISIONING_PROFILE = "8d723448-3ab5-4cfd-ad7a-5dbea488d000";
				PROVISIONING_PROFILE_SPECIFIER = "New CloudFone Development";
				SWIFT_OBJC_BRIDGING_HEADER = "QuanLyChiTieu/QuanLyChiTieu-Bridging-Header.h";
				SWIFT_OPTIMIZATION_LEVEL = "-Onone";
				SWIFT_VERSION = 4.0;
				TARGETED_DEVICE_FAMILY = "1,2";
			};
			name = Debug;
		};
		15ADD22D225AFD4600A8F3CE /* Release */ = {
			isa = XCBuildConfiguration;
			baseConfigurationReference = D3555135EAD15A6DDC75997E /* Pods-QuanLyChiTieu.release.xcconfig */;
			buildSettings = {
				ASSETCATALOG_COMPILER_APPICON_NAME = AppIcon;
				CLANG_ENABLE_MODULES = YES;
				CODE_SIGN_STYLE = Manual;
				DEVELOPMENT_TEAM = "";
				INFOPLIST_FILE = QuanLyChiTieu/Info.plist;
				IPHONEOS_DEPLOYMENT_TARGET = 10.0;
				LD_RUNPATH_SEARCH_PATHS = (
					"$(inherited)",
					"@executable_path/Frameworks",
				);
				PRODUCT_BUNDLE_IDENTIFIER = com.ods.cloudfoneapp;
				PRODUCT_NAME = "$(TARGET_NAME)";
				PROVISIONING_PROFILE_SPECIFIER = "";
				SWIFT_OBJC_BRIDGING_HEADER = "QuanLyChiTieu/QuanLyChiTieu-Bridging-Header.h";
				SWIFT_VERSION = 4.0;
				TARGETED_DEVICE_FAMILY = "1,2";
			};
			name = Release;
		};
/* End XCBuildConfiguration section */

/* Begin XCConfigurationList section */
		15ADD211225AFD4300A8F3CE /* Build configuration list for PBXProject "QuanLyChiTieu" */ = {
			isa = XCConfigurationList;
			buildConfigurations = (
				15ADD229225AFD4600A8F3CE /* Debug */,
				15ADD22A225AFD4600A8F3CE /* Release */,
			);
			defaultConfigurationIsVisible = 0;
			defaultConfigurationName = Release;
		};
		15ADD22B225AFD4600A8F3CE /* Build configuration list for PBXNativeTarget "QuanLyChiTieu" */ = {
			isa = XCConfigurationList;
			buildConfigurations = (
				15ADD22C225AFD4600A8F3CE /* Debug */,
				15ADD22D225AFD4600A8F3CE /* Release */,
			);
			defaultConfigurationIsVisible = 0;
			defaultConfigurationName = Release;
		};
/* End XCConfigurationList section */

/* Begin XCVersionGroup section */
		15ADD220225AFD4300A8F3CE /* QuanLyChiTieu.xcdatamodeld */ = {
			isa = XCVersionGroup;
			children = (
				15ADD221225AFD4300A8F3CE /* QuanLyChiTieu.xcdatamodel */,
			);
			currentVersion = 15ADD221225AFD4300A8F3CE /* QuanLyChiTieu.xcdatamodel */;
			path = QuanLyChiTieu.xcdatamodeld;
			sourceTree = "<group>";
			versionGroupType = wrapper.xcdatamodel;
		};
/* End XCVersionGroup section */
	};
	rootObject = 15ADD20E225AFD4300A8F3CE /* Project object */;
}
